
Microsoft Visual Studio Solution File, Format Version 11.00
# Visual C# Express 2010
Project("{FAE04EC0-301F-11D3-BF4B-00C04F79EFBC}") = "Encrypter", "Encrypter\Encrypter.csproj", "{FB47B6E0-7CA4-4EB2-AA2E-3C332AC1CAB0}"
EndProject
Project("{FAE04EC0-301F-11D3-BF4B-00C04F79EFBC}") = "Enc Library", "Enc Library\Enc Library.csproj", "{51F8E6A6-35A8-4CE6-BE7D-A4D263C67319}"
EndProject
Global
	GlobalSection(SolutionConfigurationPlatforms) = preSolution
		Debug|Any CPU = Debug|Any CPU
		Release|Any CPU = Release|Any CPU
	EndGlobalSection
	GlobalSection(ProjectConfigurationPlatforms) = postSolution
		{FB47B6E0-7CA4-4EB2-AA2E-3C332AC1CAB0}.Debug|Any CPU.ActiveCfg = Debug|Any CPU
		{FB47B6E0-7CA4-4EB2-AA2E-3C332AC1CAB0}.Debug|Any CPU.Build.0 = Debug|Any CPU
		{FB47B6E0-7CA4-4EB2-AA2E-3C332AC1CAB0}.Release|Any CPU.ActiveCfg = Release|Any CPU
		{FB47B6E0-7CA4-4EB2-AA2E-3C332AC1CAB0}.Release|Any CPU.Build.0 = Release|Any CPU
		{51F8E6A6-35A8-4CE6-BE7D-A4D263C67319}.Debug|Any CPU.ActiveCfg = Debug|Any CPU
		{51F8E6A6-35A8-4CE6-BE7D-A4D263C67319}.Debug|Any CPU.Build.0 = Debug|Any CPU
		{51F8E6A6-35A8-4CE6-BE7D-A4D263C67319}.Release|Any CPU.ActiveCfg = Release|Any CPU
		{51F8E6A6-35A8-4CE6-BE7D-A4D263C67319}.Release|Any CPU.Build.0 = Release|Any CPU
	EndGlobalSection
	GlobalSection(SolutionProperties) = preSolution
		HideSolutionNode = FALSE
	EndGlobalSection
EndGlobal
